
Microsoft Visual Studio Solution File, Format Version 12.00
# Visual Studio Version 17
VisualStudioVersion = 17.0.31903.59
MinimumVisualStudioVersion = 10.0.40219.1
Project("{FAE04EC0-301F-11D3-BF4B-00C04F79EFBC}") = "AspNet", "AspNet\AspNet.csproj", "{E5728BBD-5145-48ED-9E1E-3E33ADF345F9}"
EndProject
Project("{FAE04EC0-301F-11D3-BF4B-00C04F79EFBC}") = "Aula01", "Aula01\Aula01.csproj", "{8C7DB128-42BD-42AD-B253-3A5879B115F5}"
EndProject
Project("{FAE04EC0-301F-11D3-BF4B-00C04F79EFBC}") = "Aula02_ASPNET_ENDPOINT", "Aula02_ASPNET_ENDPOINT\Aula02_ASPNET_ENDPOINT.csproj", "{9BC2E91E-5DF8-4419-8D25-21E90DE71E99}"
EndProject
Project("{FAE04EC0-301F-11D3-BF4B-00C04F79EFBC}") = "Aula02_ASPNET_ENDPOINT_2", "Aula02_ASPNET_ENDPOINT_2\Aula02_ASPNET_ENDPOINT_2.csproj", "{6BF85998-962F-4FB2-880C-C8CBC46B9154}"
EndProject
Project("{FAE04EC0-301F-11D3-BF4B-00C04F79EFBC}") = "Aula03_ASPNET_API_ADO", "Aula03_ASPNET_API_ADO\Aula03_ASPNET_API_ADO.csproj", "{47E5231B-FFB6-4DA5-B621-CCEB9801C7F1}"
EndProject
Project("{FAE04EC0-301F-11D3-BF4B-00C04F79EFBC}") = "ConsoleApp1", "ConsoleApp1\ConsoleApp1.csproj", "{22D043F6-E661-44CA-BDE7-1FC5BF477897}"
EndProject
Project("{FAE04EC0-301F-11D3-BF4B-00C04F79EFBC}") = "Aula03_Exemplo4", "Aula03_Exemplo4\Aula03_Exemplo4.csproj", "{27D7B1B6-D5BF-45F3-AB39-103D8F329B29}"
EndProject
Project("{FAE04EC0-301F-11D3-BF4B-00C04F79EFBC}") = "ASPNETCORE", "ASPNETCORE\ASPNETCORE.csproj", "{69404DAC-B2E2-48EE-86BF-85673CFBB2F2}"
EndProject
Project("{FAE04EC0-301F-11D3-BF4B-00C04F79EFBC}") = "Aula04_ASPNETCORE", "Aula04_ASPNETCORE\Aula04_ASPNETCORE.csproj", "{542BC6E6-3F59-4EF3-9A10-5B8D719F8CAF}"
EndProject
Project("{FAE04EC0-301F-11D3-BF4B-00C04F79EFBC}") = "Aula05_SistemaEscolaAPI", "Aula05_SistemaEscolaAPI\Aula05_SistemaEscolaAPI.csproj", "{513D7053-AEB0-4454-B224-469920778972}"
EndProject
Global
	GlobalSection(SolutionConfigurationPlatforms) = preSolution
		Debug|Any CPU = Debug|Any CPU
		Debug|x64 = Debug|x64
		Debug|x86 = Debug|x86
		Release|Any CPU = Release|Any CPU
		Release|x64 = Release|x64
		Release|x86 = Release|x86
	EndGlobalSection
	GlobalSection(ProjectConfigurationPlatforms) = postSolution
		{E5728BBD-5145-48ED-9E1E-3E33ADF345F9}.Debug|Any CPU.ActiveCfg = Debug|Any CPU
		{E5728BBD-5145-48ED-9E1E-3E33ADF345F9}.Debug|Any CPU.Build.0 = Debug|Any CPU
		{E5728BBD-5145-48ED-9E1E-3E33ADF345F9}.Debug|x64.ActiveCfg = Debug|Any CPU
		{E5728BBD-5145-48ED-9E1E-3E33ADF345F9}.Debug|x64.Build.0 = Debug|Any CPU
		{E5728BBD-5145-48ED-9E1E-3E33ADF345F9}.Debug|x86.ActiveCfg = Debug|Any CPU
		{E5728BBD-5145-48ED-9E1E-3E33ADF345F9}.Debug|x86.Build.0 = Debug|Any CPU
		{E5728BBD-5145-48ED-9E1E-3E33ADF345F9}.Release|Any CPU.ActiveCfg = Release|Any CPU
		{E5728BBD-5145-48ED-9E1E-3E33ADF345F9}.Release|Any CPU.Build.0 = Release|Any CPU
		{E5728BBD-5145-48ED-9E1E-3E33ADF345F9}.Release|x64.ActiveCfg = Release|Any CPU
		{E5728BBD-5145-48ED-9E1E-3E33ADF345F9}.Release|x64.Build.0 = Release|Any CPU
		{E5728BBD-5145-48ED-9E1E-3E33ADF345F9}.Release|x86.ActiveCfg = Release|Any CPU
		{E5728BBD-5145-48ED-9E1E-3E33ADF345F9}.Release|x86.Build.0 = Release|Any CPU
		{8C7DB128-42BD-42AD-B253-3A5879B115F5}.Debug|Any CPU.ActiveCfg = Debug|Any CPU
		{8C7DB128-42BD-42AD-B253-3A5879B115F5}.Debug|Any CPU.Build.0 = Debug|Any CPU
		{8C7DB128-42BD-42AD-B253-3A5879B115F5}.Debug|x64.ActiveCfg = Debug|Any CPU
		{8C7DB128-42BD-42AD-B253-3A5879B115F5}.Debug|x64.Build.0 = Debug|Any CPU
		{8C7DB128-42BD-42AD-B253-3A5879B115F5}.Debug|x86.ActiveCfg = Debug|Any CPU
		{8C7DB128-42BD-42AD-B253-3A5879B115F5}.Debug|x86.Build.0 = Debug|Any CPU
		{8C7DB128-42BD-42AD-B253-3A5879B115F5}.Release|Any CPU.ActiveCfg = Release|Any CPU
		{8C7DB128-42BD-42AD-B253-3A5879B115F5}.Release|Any CPU.Build.0 = Release|Any CPU
		{8C7DB128-42BD-42AD-B253-3A5879B115F5}.Release|x64.ActiveCfg = Release|Any CPU
		{8C7DB128-42BD-42AD-B253-3A5879B115F5}.Release|x64.Build.0 = Release|Any CPU
		{8C7DB128-42BD-42AD-B253-3A5879B115F5}.Release|x86.ActiveCfg = Release|Any CPU
		{8C7DB128-42BD-42AD-B253-3A5879B115F5}.Release|x86.Build.0 = Release|Any CPU
		{9BC2E91E-5DF8-4419-8D25-21E90DE71E99}.Debug|Any CPU.ActiveCfg = Debug|Any CPU
		{9BC2E91E-5DF8-4419-8D25-21E90DE71E99}.Debug|Any CPU.Build.0 = Debug|Any CPU
		{9BC2E91E-5DF8-4419-8D25-21E90DE71E99}.Debug|x64.ActiveCfg = Debug|Any CPU
		{9BC2E91E-5DF8-4419-8D25-21E90DE71E99}.Debug|x64.Build.0 = Debug|Any CPU
		{9BC2E91E-5DF8-4419-8D25-21E90DE71E99}.Debug|x86.ActiveCfg = Debug|Any CPU
		{9BC2E91E-5DF8-4419-8D25-21E90DE71E99}.Debug|x86.Build.0 = Debug|Any CPU
		{9BC2E91E-5DF8-4419-8D25-21E90DE71E99}.Release|Any CPU.ActiveCfg = Release|Any CPU
		{9BC2E91E-5DF8-4419-8D25-21E90DE71E99}.Release|Any CPU.Build.0 = Release|Any CPU
		{9BC2E91E-5DF8-4419-8D25-21E90DE71E99}.Release|x64.ActiveCfg = Release|Any CPU
		{9BC2E91E-5DF8-4419-8D25-21E90DE71E99}.Release|x64.Build.0 = Release|Any CPU
		{9BC2E91E-5DF8-4419-8D25-21E90DE71E99}.Release|x86.ActiveCfg = Release|Any CPU
		{9BC2E91E-5DF8-4419-8D25-21E90DE71E99}.Release|x86.Build.0 = Release|Any CPU
		{6BF85998-962F-4FB2-880C-C8CBC46B9154}.Debug|Any CPU.ActiveCfg = Debug|Any CPU
		{6BF85998-962F-4FB2-880C-C8CBC46B9154}.Debug|Any CPU.Build.0 = Debug|Any CPU
		{6BF85998-962F-4FB2-880C-C8CBC46B9154}.Debug|x64.ActiveCfg = Debug|Any CPU
		{6BF85998-962F-4FB2-880C-C8CBC46B9154}.Debug|x64.Build.0 = Debug|Any CPU
		{6BF85998-962F-4FB2-880C-C8CBC46B9154}.Debug|x86.ActiveCfg = Debug|Any CPU
		{6BF85998-962F-4FB2-880C-C8CBC46B9154}.Debug|x86.Build.0 = Debug|Any CPU
		{6BF85998-962F-4FB2-880C-C8CBC46B9154}.Release|Any CPU.ActiveCfg = Release|Any CPU
		{6BF85998-962F-4FB2-880C-C8CBC46B9154}.Release|Any CPU.Build.0 = Release|Any CPU
		{6BF85998-962F-4FB2-880C-C8CBC46B9154}.Release|x64.ActiveCfg = Release|Any CPU
		{6BF85998-962F-4FB2-880C-C8CBC46B9154}.Release|x64.Build.0 = Release|Any CPU
		{6BF85998-962F-4FB2-880C-C8CBC46B9154}.Release|x86.ActiveCfg = Release|Any CPU
		{6BF85998-962F-4FB2-880C-C8CBC46B9154}.Release|x86.Build.0 = Release|Any CPU
		{47E5231B-FFB6-4DA5-B621-CCEB9801C7F1}.Debug|Any CPU.ActiveCfg = Debug|Any CPU
		{47E5231B-FFB6-4DA5-B621-CCEB9801C7F1}.Debug|Any CPU.Build.0 = Debug|Any CPU
		{47E5231B-FFB6-4DA5-B621-CCEB9801C7F1}.Debug|x64.ActiveCfg = Debug|Any CPU
		{47E5231B-FFB6-4DA5-B621-CCEB9801C7F1}.Debug|x64.Build.0 = Debug|Any CPU
		{47E5231B-FFB6-4DA5-B621-CCEB9801C7F1}.Debug|x86.ActiveCfg = Debug|Any CPU
		{47E5231B-FFB6-4DA5-B621-CCEB9801C7F1}.Debug|x86.Build.0 = Debug|Any CPU
		{47E5231B-FFB6-4DA5-B621-CCEB9801C7F1}.Release|Any CPU.ActiveCfg = Release|Any CPU
		{47E5231B-FFB6-4DA5-B621-CCEB9801C7F1}.Release|Any CPU.Build.0 = Release|Any CPU
		{47E5231B-FFB6-4DA5-B621-CCEB9801C7F1}.Release|x64.ActiveCfg = Release|Any CPU
		{47E5231B-FFB6-4DA5-B621-CCEB9801C7F1}.Release|x64.Build.0 = Release|Any CPU
		{47E5231B-FFB6-4DA5-B621-CCEB9801C7F1}.Release|x86.ActiveCfg = Release|Any CPU
		{47E5231B-FFB6-4DA5-B621-CCEB9801C7F1}.Release|x86.Build.0 = Release|Any CPU
		{22D043F6-E661-44CA-BDE7-1FC5BF477897}.Debug|Any CPU.ActiveCfg = Debug|Any CPU
		{22D043F6-E661-44CA-BDE7-1FC5BF477897}.Debug|Any CPU.Build.0 = Debug|Any CPU
		{22D043F6-E661-44CA-BDE7-1FC5BF477897}.Debug|x64.ActiveCfg = Debug|Any CPU
		{22D043F6-E661-44CA-BDE7-1FC5BF477897}.Debug|x64.Build.0 = Debug|Any CPU
		{22D043F6-E661-44CA-BDE7-1FC5BF477897}.Debug|x86.ActiveCfg = Debug|Any CPU
		{22D043F6-E661-44CA-BDE7-1FC5BF477897}.Debug|x86.Build.0 = Debug|Any CPU
		{22D043F6-E661-44CA-BDE7-1FC5BF477897}.Release|Any CPU.ActiveCfg = Release|Any CPU
		{22D043F6-E661-44CA-BDE7-1FC5BF477897}.Release|Any CPU.Build.0 = Release|Any CPU
		{22D043F6-E661-44CA-BDE7-1FC5BF477897}.Release|x64.ActiveCfg = Release|Any CPU
		{22D043F6-E661-44CA-BDE7-1FC5BF477897}.Release|x64.Build.0 = Release|Any CPU
		{22D043F6-E661-44CA-BDE7-1FC5BF477897}.Release|x86.ActiveCfg = Release|Any CPU
		{22D043F6-E661-44CA-BDE7-1FC5BF477897}.Release|x86.Build.0 = Release|Any CPU
		{27D7B1B6-D5BF-45F3-AB39-103D8F329B29}.Debug|Any CPU.ActiveCfg = Debug|Any CPU
		{27D7B1B6-D5BF-45F3-AB39-103D8F329B29}.Debug|Any CPU.Build.0 = Debug|Any CPU
		{27D7B1B6-D5BF-45F3-AB39-103D8F329B29}.Debug|x64.ActiveCfg = Debug|Any CPU
		{27D7B1B6-D5BF-45F3-AB39-103D8F329B29}.Debug|x64.Build.0 = Debug|Any CPU
		{27D7B1B6-D5BF-45F3-AB39-103D8F329B29}.Debug|x86.ActiveCfg = Debug|Any CPU
		{27D7B1B6-D5BF-45F3-AB39-103D8F329B29}.Debug|x86.Build.0 = Debug|Any CPU
		{27D7B1B6-D5BF-45F3-AB39-103D8F329B29}.Release|Any CPU.ActiveCfg = Release|Any CPU
		{27D7B1B6-D5BF-45F3-AB39-103D8F329B29}.Release|Any CPU.Build.0 = Release|Any CPU
		{27D7B1B6-D5BF-45F3-AB39-103D8F329B29}.Release|x64.ActiveCfg = Release|Any CPU
		{27D7B1B6-D5BF-45F3-AB39-103D8F329B29}.Release|x64.Build.0 = Release|Any CPU
		{27D7B1B6-D5BF-45F3-AB39-103D8F329B29}.Release|x86.ActiveCfg = Release|Any CPU
		{27D7B1B6-D5BF-45F3-AB39-103D8F329B29}.Release|x86.Build.0 = Release|Any CPU
		{69404DAC-B2E2-48EE-86BF-85673CFBB2F2}.Debug|Any CPU.ActiveCfg = Debug|Any CPU
		{69404DAC-B2E2-48EE-86BF-85673CFBB2F2}.Debug|Any CPU.Build.0 = Debug|Any CPU
		{69404DAC-B2E2-48EE-86BF-85673CFBB2F2}.Debug|x64.ActiveCfg = Debug|Any CPU
		{69404DAC-B2E2-48EE-86BF-85673CFBB2F2}.Debug|x64.Build.0 = Debug|Any CPU
		{69404DAC-B2E2-48EE-86BF-85673CFBB2F2}.Debug|x86.ActiveCfg = Debug|Any CPU
		{69404DAC-B2E2-48EE-86BF-85673CFBB2F2}.Debug|x86.Build.0 = Debug|Any CPU
		{69404DAC-B2E2-48EE-86BF-85673CFBB2F2}.Release|Any CPU.ActiveCfg = Release|Any CPU
		{69404DAC-B2E2-48EE-86BF-85673CFBB2F2}.Release|Any CPU.Build.0 = Release|Any CPU
		{69404DAC-B2E2-48EE-86BF-85673CFBB2F2}.Release|x64.ActiveCfg = Release|Any CPU
		{69404DAC-B2E2-48EE-86BF-85673CFBB2F2}.Release|x64.Build.0 = Release|Any CPU
		{69404DAC-B2E2-48EE-86BF-85673CFBB2F2}.Release|x86.ActiveCfg = Release|Any CPU
		{69404DAC-B2E2-48EE-86BF-85673CFBB2F2}.Release|x86.Build.0 = Release|Any CPU
		{542BC6E6-3F59-4EF3-9A10-5B8D719F8CAF}.Debug|Any CPU.ActiveCfg = Debug|Any CPU
		{542BC6E6-3F59-4EF3-9A10-5B8D719F8CAF}.Debug|Any CPU.Build.0 = Debug|Any CPU
		{542BC6E6-3F59-4EF3-9A10-5B8D719F8CAF}.Debug|x64.ActiveCfg = Debug|Any CPU
		{542BC6E6-3F59-4EF3-9A10-5B8D719F8CAF}.Debug|x64.Build.0 = Debug|Any CPU
		{542BC6E6-3F59-4EF3-9A10-5B8D719F8CAF}.Debug|x86.ActiveCfg = Debug|Any CPU
		{542BC6E6-3F59-4EF3-9A10-5B8D719F8CAF}.Debug|x86.Build.0 = Debug|Any CPU
		{542BC6E6-3F59-4EF3-9A10-5B8D719F8CAF}.Release|Any CPU.ActiveCfg = Release|Any CPU
		{542BC6E6-3F59-4EF3-9A10-5B8D719F8CAF}.Release|Any CPU.Build.0 = Release|Any CPU
		{542BC6E6-3F59-4EF3-9A10-5B8D719F8CAF}.Release|x64.ActiveCfg = Release|Any CPU
		{542BC6E6-3F59-4EF3-9A10-5B8D719F8CAF}.Release|x64.Build.0 = Release|Any CPU
		{542BC6E6-3F59-4EF3-9A10-5B8D719F8CAF}.Release|x86.ActiveCfg = Release|Any CPU
		{542BC6E6-3F59-4EF3-9A10-5B8D719F8CAF}.Release|x86.Build.0 = Release|Any CPU
		{513D7053-AEB0-4454-B224-469920778972}.Debug|Any CPU.ActiveCfg = Debug|Any CPU
		{513D7053-AEB0-4454-B224-469920778972}.Debug|Any CPU.Build.0 = Debug|Any CPU
		{513D7053-AEB0-4454-B224-469920778972}.Debug|x64.ActiveCfg = Debug|Any CPU
		{513D7053-AEB0-4454-B224-469920778972}.Debug|x64.Build.0 = Debug|Any CPU
		{513D7053-AEB0-4454-B224-469920778972}.Debug|x86.ActiveCfg = Debug|Any CPU
		{513D7053-AEB0-4454-B224-469920778972}.Debug|x86.Build.0 = Debug|Any CPU
		{513D7053-AEB0-4454-B224-469920778972}.Release|Any CPU.ActiveCfg = Release|Any CPU
		{513D7053-AEB0-4454-B224-469920778972}.Release|Any CPU.Build.0 = Release|Any CPU
		{513D7053-AEB0-4454-B224-469920778972}.Release|x64.ActiveCfg = Release|Any CPU
		{513D7053-AEB0-4454-B224-469920778972}.Release|x64.Build.0 = Release|Any CPU
		{513D7053-AEB0-4454-B224-469920778972}.Release|x86.ActiveCfg = Release|Any CPU
		{513D7053-AEB0-4454-B224-469920778972}.Release|x86.Build.0 = Release|Any CPU
	EndGlobalSection
	GlobalSection(SolutionProperties) = preSolution
		HideSolutionNode = FALSE
	EndGlobalSection
EndGlobal
