Microsoft Visual Studio Solution File, Format Version 12.00
# Visual Studio Version 17
VisualStudioVersion = 17.5.2.0
MinimumVisualStudioVersion = 10.0.40219.1
Project("{FAE04EC0-301F-11D3-BF4B-00C04F79EFBC}") = "Aula02_ASPNET_ENDPOINT_2", "Aula02_ASPNET_ENDPOINT_2.csproj", "{5E2C7454-D5DF-6EE1-63EF-D4C3271446EE}"
EndProject
Global
	GlobalSection(SolutionConfigurationPlatforms) = preSolution
		Debug|Any CPU = Debug|Any CPU
		Release|Any CPU = Release|Any CPU
	EndGlobalSection
	GlobalSection(ProjectConfigurationPlatforms) = postSolution
		{5E2C7454-D5DF-6EE1-63EF-D4C3271446EE}.Debug|Any CPU.ActiveCfg = Debug|Any CPU
		{5E2C7454-D5DF-6EE1-63EF-D4C3271446EE}.Debug|Any CPU.Build.0 = Debug|Any CPU
		{5E2C7454-D5DF-6EE1-63EF-D4C3271446EE}.Release|Any CPU.ActiveCfg = Release|Any CPU
		{5E2C7454-D5DF-6EE1-63EF-D4C3271446EE}.Release|Any CPU.Build.0 = Release|Any CPU
	EndGlobalSection
	GlobalSection(SolutionProperties) = preSolution
		HideSolutionNode = FALSE
	EndGlobalSection
	GlobalSection(ExtensibilityGlobals) = postSolution
		SolutionGuid = {031EFF07-0CC9-4664-A6B7-31C747098816}
	EndGlobalSection
EndGlobal
